version = 1
revision = 3
requires-python = ">=3.10"

[[package]]
name = "mlx"
version = "0.31.2.dev20260416+6f95bb07"
source = { git = "https://github.com/ml-explore/mlx.git?rev=6f95bb07d6292ba6#6f95bb07d6292ba637366c16694a7a36738ab3a1" }

[[package]]
name = "we-kernels"
version = "0.0.1"
source = { editable = "." }
dependencies = [
    { name = "mlx" },
]

[package.metadata]
requires-dist = [{ name = "mlx", git = "https://github.com/ml-explore/mlx.git?rev=6f95bb07d6292ba6" }]
